
Microsoft Visual Studio Solution File, Format Version 12.00
# Visual Studio Version 16
VisualStudioVersion = 16.0.31205.134
MinimumVisualStudioVersion = 10.0.40219.1
Project("{9A19103F-16F7-4668-BE54-9A1E7A4F7556}") = "EPP.Test", "EPP.Test\EPP.Test.csproj", "{F39F7AEC-BE25-4FAD-8D52-513979EDA73C}"
EndProject
Global
	GlobalSection(SolutionConfigurationPlatforms) = preSolution
		Debug|Any CPU = Debug|Any CPU
		Release|Any CPU = Release|Any CPU
	EndGlobalSection
	GlobalSection(ProjectConfigurationPlatforms) = postSolution
		{F39F7AEC-BE25-4FAD-8D52-513979EDA73C}.Debug|Any CPU.ActiveCfg = Debug|Any CPU
		{F39F7AEC-BE25-4FAD-8D52-513979EDA73C}.Debug|Any CPU.Build.0 = Debug|Any CPU
		{F39F7AEC-BE25-4FAD-8D52-513979EDA73C}.Release|Any CPU.ActiveCfg = Release|Any CPU
		{F39F7AEC-BE25-4FAD-8D52-513979EDA73C}.Release|Any CPU.Build.0 = Release|Any CPU
	EndGlobalSection
	GlobalSection(SolutionProperties) = preSolution
		HideSolutionNode = FALSE
	EndGlobalSection
	GlobalSection(ExtensibilityGlobals) = postSolution
		SolutionGuid = {F65B4892-1A40-4189-9531-C2637420C743}
	EndGlobalSection
EndGlobal
